github.com/alarmia/logthis v0.0.0-20210613131857-cc280429539e h1:WTtJj4r6QTDY1KBfnQHQF/OLEwiUa/gaMwKrJ0B01WQ=
github.com/alarmia/logthis v0.0.0-20210613131857-cc280429539e/go.mod h1:+63bZfcwnWC+DdaCIH2mnsojSUWc4ZXsD7lbfBzjX/g=
github.com/go-sql-driver/mysql v1.6.0 h1:BCTh4TKNUYmOmMUcQ3IipzF5prigylS7XXjEkfCHuOE=
github.com/go-sql-driver/mysql v1.6.0/go.mod h1:DCzpHaOWr8IXmIStZouvnhqoel9Qv2LBy8hT2VhHyBg=
github.com/tarm/serial v0.0.0-20180830185346-98f6abe2eb07 h1:UyzmZLoiDWMRywV4DUYb9Fbt8uiOSooupjTq10vpvnU=
github.com/tarm/serial v0.0.0-20180830185346-98f6abe2eb07/go.mod h1:kDXzergiv9cbyO7IOYJZWg1U88JhDg3PB6klq9Hg2pA=
golang.org/x/sys v0.0.0-20210611083646-a4fc73990273 h1:faDu4veV+8pcThn4fewv6TVlNCezafGoC1gM/mxQLbQ=
golang.org/x/sys v0.0.0-20210611083646-a4fc73990273/go.mod h1:oPkhp1MJrh7nUepCBck5+mAzfO9JrbApNNgaTdGDITg=
